Microsoft Visual Studio Solution File, Format Version 12.00
# Visual Studio Version 17
VisualStudioVersion = 17.0.31912.275
MinimumVisualStudioVersion = 10.0.40219.1
Project("{FAE04EC0-301F-11D3-BF4B-00C04F79EFBC}") = "AiCalc.WinUI", "src/AiCalc.WinUI/AiCalc.WinUI.csproj", "{BBD6EEA1-24F8-4EF0-B5BA-43C0DB5C1A19}"
EndProject
Project("{FAE04EC0-301F-11D3-BF4B-00C04F79EFBC}") = "AiCalc.Tests", "tests/AiCalc.Tests/AiCalc.Tests.csproj", "{A1234567-89AB-CDEF-0123-456789ABCDEF}"
EndProject
Global
GlobalSection(SolutionConfigurationPlatforms) = preSolution
Debug|Any CPU = Debug|Any CPU
Release|Any CPU = Release|Any CPU
EndGlobalSection
GlobalSection(ProjectConfigurationPlatforms) = postSolution
{BBD6EEA1-24F8-4EF0-B5BA-43C0DB5C1A19}.Debug|Any CPU.ActiveCfg = Debug|Any CPU
{BBD6EEA1-24F8-4EF0-B5BA-43C0DB5C1A19}.Debug|Any CPU.Build.0 = Debug|Any CPU
{BBD6EEA1-24F8-4EF0-B5BA-43C0DB5C1A19}.Release|Any CPU.ActiveCfg = Release|Any CPU
{BBD6EEA1-24F8-4EF0-B5BA-43C0DB5C1A19}.Release|Any CPU.Build.0 = Release|Any CPU
{A1234567-89AB-CDEF-0123-456789ABCDEF}.Debug|Any CPU.ActiveCfg = Debug|Any CPU
{A1234567-89AB-CDEF-0123-456789ABCDEF}.Debug|Any CPU.Build.0 = Debug|Any CPU
{A1234567-89AB-CDEF-0123-456789ABCDEF}.Release|Any CPU.ActiveCfg = Release|Any CPU
{A1234567-89AB-CDEF-0123-456789ABCDEF}.Release|Any CPU.Build.0 = Release|Any CPU
EndGlobalSection
GlobalSection(SolutionProperties) = preSolution
HideSolutionNode = FALSE
EndGlobalSection
EndGlobal
